<Solution>
  <Project Path="Content/Content.csproj" />
  <Project Path="GMDCore/GMDCore.csproj" />
  <Project Path="Pvz0/Pvz0.csproj" />
  <Project Path="Pvz1/Pvz1.csproj" />
  <Project Path="Pvz2/Pvz2.csproj" />
  <Project Path="Pvz3/Pvz3.csproj" />
  <Project Path="Pvz4/Pvz4.csproj" />
</Solution>
