<Solution>
  <Project Path="Content/Content.csproj" />
  <Project Path="GMDCore/GMDCore.csproj" />
  <Project Path="Sokoban0/Sokoban0.csproj" />
  <Project Path="Sokoban1/Sokoban1.csproj" />
  <Project Path="Sokoban2/Sokoban2.csproj" />
  <Project Path="Sokoban3/Sokoban3.csproj" />
  <Project Path="Sokoban4/Sokoban4.csproj" />
  <Project Path="Sokoban.Tests/Sokoban.Tests.csproj" />
</Solution>
